
Microsoft Visual Studio Solution File, Format Version 12.00
# Visual Studio Version 17
VisualStudioVersion = 17.0.31903.59
MinimumVisualStudioVersion = 10.0.40219.1
Project("{FAE04EC0-301F-11D3-BF4B-00C04F79EFBC}") = "MaxBot", "MaxBot\MaxBot.csproj", "{6758D9E0-5316-4AA2-B054-FC45A00D7AE1}"
EndProject
Project("{FAE04EC0-301F-11D3-BF4B-00C04F79EFBC}") = "MaxBot.Tests", "..\test\MaxBot.Tests\MaxBot.Tests.csproj", "{35D308FE-EA85-43B8-AC45-8CD35C0EB3B0}"
EndProject
Project("{FAE04EC0-301F-11D3-BF4B-00C04F79EFBC}") = "MaxBot.TUI", "MaxBot.TUI\MaxBot.TUI.csproj", "{8F92D787-16B4-4677-BB4A-EF458D15A4B6}"
EndProject
Project("{FAE04EC0-301F-11D3-BF4B-00C04F79EFBC}") = "MaxBot.PawPrints", "MaxBot.PawPrints\MaxBot.PawPrints.csproj", "{70A264AE-F705-45C6-8379-5348CF9F07FC}"
EndProject
Global
	GlobalSection(SolutionConfigurationPlatforms) = preSolution
		Debug|Any CPU = Debug|Any CPU
		Debug|x64 = Debug|x64
		Debug|x86 = Debug|x86
		Release|Any CPU = Release|Any CPU
		Release|x64 = Release|x64
		Release|x86 = Release|x86
	EndGlobalSection
	GlobalSection(ProjectConfigurationPlatforms) = postSolution
		{6758D9E0-5316-4AA2-B054-FC45A00D7AE1}.Debug|Any CPU.ActiveCfg = Debug|Any CPU
		{6758D9E0-5316-4AA2-B054-FC45A00D7AE1}.Debug|Any CPU.Build.0 = Debug|Any CPU
		{6758D9E0-5316-4AA2-B054-FC45A00D7AE1}.Debug|x64.ActiveCfg = Debug|Any CPU
		{6758D9E0-5316-4AA2-B054-FC45A00D7AE1}.Debug|x64.Build.0 = Debug|Any CPU
		{6758D9E0-5316-4AA2-B054-FC45A00D7AE1}.Debug|x86.ActiveCfg = Debug|Any CPU
		{6758D9E0-5316-4AA2-B054-FC45A00D7AE1}.Debug|x86.Build.0 = Debug|Any CPU
		{6758D9E0-5316-4AA2-B054-FC45A00D7AE1}.Release|Any CPU.ActiveCfg = Release|Any CPU
		{6758D9E0-5316-4AA2-B054-FC45A00D7AE1}.Release|Any CPU.Build.0 = Release|Any CPU
		{6758D9E0-5316-4AA2-B054-FC45A00D7AE1}.Release|x64.ActiveCfg = Release|Any CPU
		{6758D9E0-5316-4AA2-B054-FC45A00D7AE1}.Release|x64.Build.0 = Release|Any CPU
		{6758D9E0-5316-4AA2-B054-FC45A00D7AE1}.Release|x86.ActiveCfg = Release|Any CPU
		{6758D9E0-5316-4AA2-B054-FC45A00D7AE1}.Release|x86.Build.0 = Release|Any CPU
		{35D308FE-EA85-43B8-AC45-8CD35C0EB3B0}.Debug|Any CPU.ActiveCfg = Debug|Any CPU
		{35D308FE-EA85-43B8-AC45-8CD35C0EB3B0}.Debug|Any CPU.Build.0 = Debug|Any CPU
		{35D308FE-EA85-43B8-AC45-8CD35C0EB3B0}.Debug|x64.ActiveCfg = Debug|Any CPU
		{35D308FE-EA85-43B8-AC45-8CD35C0EB3B0}.Debug|x64.Build.0 = Debug|Any CPU
		{35D308FE-EA85-43B8-AC45-8CD35C0EB3B0}.Debug|x86.ActiveCfg = Debug|Any CPU
		{35D308FE-EA85-43B8-AC45-8CD35C0EB3B0}.Debug|x86.Build.0 = Debug|Any CPU
		{35D308FE-EA85-43B8-AC45-8CD35C0EB3B0}.Release|Any CPU.ActiveCfg = Release|Any CPU
		{35D308FE-EA85-43B8-AC45-8CD35C0EB3B0}.Release|Any CPU.Build.0 = Release|Any CPU
		{35D308FE-EA85-43B8-AC45-8CD35C0EB3B0}.Release|x64.ActiveCfg = Release|Any CPU
		{35D308FE-EA85-43B8-AC45-8CD35C0EB3B0}.Release|x64.Build.0 = Release|Any CPU
		{35D308FE-EA85-43B8-AC45-8CD35C0EB3B0}.Release|x86.ActiveCfg = Release|Any CPU
		{35D308FE-EA85-43B8-AC45-8CD35C0EB3B0}.Release|x86.Build.0 = Release|Any CPU
		{8F92D787-16B4-4677-BB4A-EF458D15A4B6}.Debug|Any CPU.ActiveCfg = Debug|Any CPU
		{8F92D787-16B4-4677-BB4A-EF458D15A4B6}.Debug|Any CPU.Build.0 = Debug|Any CPU
		{8F92D787-16B4-4677-BB4A-EF458D15A4B6}.Debug|x64.ActiveCfg = Debug|Any CPU
		{8F92D787-16B4-4677-BB4A-EF458D15A4B6}.Debug|x64.Build.0 = Debug|Any CPU
		{8F92D787-16B4-4677-BB4A-EF458D15A4B6}.Debug|x86.ActiveCfg = Debug|Any CPU
		{8F92D787-16B4-4677-BB4A-EF458D15A4B6}.Debug|x86.Build.0 = Debug|Any CPU
		{8F92D787-16B4-4677-BB4A-EF458D15A4B6}.Release|Any CPU.ActiveCfg = Release|Any CPU
		{8F92D787-16B4-4677-BB4A-EF458D15A4B6}.Release|Any CPU.Build.0 = Release|Any CPU
		{8F92D787-16B4-4677-BB4A-EF458D15A4B6}.Release|x64.ActiveCfg = Release|Any CPU
		{8F92D787-16B4-4677-BB4A-EF458D15A4B6}.Release|x64.Build.0 = Release|Any CPU
		{8F92D787-16B4-4677-BB4A-EF458D15A4B6}.Release|x86.ActiveCfg = Release|Any CPU
		{8F92D787-16B4-4677-BB4A-EF458D15A4B6}.Release|x86.Build.0 = Release|Any CPU
		{70A264AE-F705-45C6-8379-5348CF9F07FC}.Debug|Any CPU.ActiveCfg = Debug|Any CPU
		{70A264AE-F705-45C6-8379-5348CF9F07FC}.Debug|Any CPU.Build.0 = Debug|Any CPU
		{70A264AE-F705-45C6-8379-5348CF9F07FC}.Debug|x64.ActiveCfg = Debug|Any CPU
		{70A264AE-F705-45C6-8379-5348CF9F07FC}.Debug|x64.Build.0 = Debug|Any CPU
		{70A264AE-F705-45C6-8379-5348CF9F07FC}.Debug|x86.ActiveCfg = Debug|Any CPU
		{70A264AE-F705-45C6-8379-5348CF9F07FC}.Debug|x86.Build.0 = Debug|Any CPU
		{70A264AE-F705-45C6-8379-5348CF9F07FC}.Release|Any CPU.ActiveCfg = Release|Any CPU
		{70A264AE-F705-45C6-8379-5348CF9F07FC}.Release|Any CPU.Build.0 = Release|Any CPU
		{70A264AE-F705-45C6-8379-5348CF9F07FC}.Release|x64.ActiveCfg = Release|Any CPU
		{70A264AE-F705-45C6-8379-5348CF9F07FC}.Release|x64.Build.0 = Release|Any CPU
		{70A264AE-F705-45C6-8379-5348CF9F07FC}.Release|x86.ActiveCfg = Release|Any CPU
		{70A264AE-F705-45C6-8379-5348CF9F07FC}.Release|x86.Build.0 = Release|Any CPU
	EndGlobalSection
	GlobalSection(SolutionProperties) = preSolution
		HideSolutionNode = FALSE
	EndGlobalSection
EndGlobal
